// !$*UTF8*$!
{
	archiveVersion = 1;
	classes = {
	};
	objectVersion = 50;
	objects = {

/* Begin PBXBuildFile section */
		2B9BAEB52389A71E0040D0DD /* Springboard.swift in Sources */ = {isa = PBXBuildFile; fileRef = 2B9BAEB42389A71E0040D0DD /* Springboard.swift */; };
		2B9BAEB7238AD6480040D0DD /* UITestHelper.swift in Sources */ = {isa = PBXBuildFile; fileRef = 2B9BAEB6238AD6480040D0DD /* UITestHelper.swift */; };
		2B9BAEB9238AE3050040D0DD /* UITestConstants.swift in Sources */ = {isa = PBXBuildFile; fileRef = 2B9BAEB8238AE3050040D0DD /* UITestConstants.swift */; };
		B933996E2366F8990016796A /* AppDelegate.swift in Sources */ = {isa = PBXBuildFile; fileRef = B933996D2366F8990016796A /* AppDelegate.swift */; };
		B93399702366F8990016796A /* SceneDelegate.swift in Sources */ = {isa = PBXBuildFile; fileRef = B933996F2366F8990016796A /* SceneDelegate.swift */; };
		B93399722366F8990016796A /* ViewController.swift in Sources */ = {isa = PBXBuildFile; fileRef = B93399712366F8990016796A /* ViewController.swift */; };
		B93399752366F8990016796A /* Main.storyboard in Resources */ = {isa = PBXBuildFile; fileRef = B93399732366F8990016796A /* Main.storyboard */; };
		B93399772366F89A0016796A /* Assets.xcassets in Resources */ = {isa = PBXBuildFile; fileRef = B93399762366F89A0016796A /* Assets.xcassets */; };
		B933997A2366F89A0016796A /* LaunchScreen.storyboard in Resources */ = {isa = PBXBuildFile; fileRef = B93399782366F89A0016796A /* LaunchScreen.storyboard */; };
		B93399852366F89A0016796A /* tech_taskUITests.swift in Sources */ = {isa = PBXBuildFile; fileRef = B93399842366F89A0016796A /* tech_taskUITests.swift */; };
		B93399902366FDB70016796A /* CustomCell.swift in Sources */ = {isa = PBXBuildFile; fileRef = B933998F2366FDB70016796A /* CustomCell.swift */; };
		B9339993236702F90016796A /* ArtistViewController.swift in Sources */ = {isa = PBXBuildFile; fileRef = B9339992236702F90016796A /* ArtistViewController.swift */; };
		B9339995236703010016796A /* LocationViewController.swift in Sources */ = {isa = PBXBuildFile; fileRef = B9339994236703010016796A /* LocationViewController.swift */; };
		B9339997236703090016796A /* WaitingViewController.swift in Sources */ = {isa = PBXBuildFile; fileRef = B9339996236703090016796A /* WaitingViewController.swift */; };
/* End PBXBuildFile section */

/* Begin PBXContainerItemProxy section */
		B93399812366F89A0016796A /* PBXContainerItemProxy */ = {
			isa = PBXContainerItemProxy;
			containerPortal = B93399622366F8990016796A /* Project object */;
			proxyType = 1;
			remoteGlobalIDString = B93399692366F8990016796A;
			remoteInfo = "tech-task";
		};
/* End PBXContainerItemProxy section */

/* Begin PBXFileReference section */
		2B9BAEB42389A71E0040D0DD /* Springboard.swift */ = {isa = PBXFileReference; lastKnownFileType = sourcecode.swift; path = Springboard.swift; sourceTree = "<group>"; };
		2B9BAEB6238AD6480040D0DD /* UITestHelper.swift */ = {isa = PBXFileReference; lastKnownFileType = sourcecode.swift; path = UITestHelper.swift; sourceTree = "<group>"; };
		2B9BAEB8238AE3050040D0DD /* UITestConstants.swift */ = {isa = PBXFileReference; lastKnownFileType = sourcecode.swift; path = UITestConstants.swift; sourceTree = "<group>"; };
		B933996A2366F8990016796A /* tech-task.app */ = {isa = PBXFileReference; explicitFileType = wrapper.application; includeInIndex = 0; path = "tech-task.app"; sourceTree = BUILT_PRODUCTS_DIR; };
		B933996D2366F8990016796A /* AppDelegate.swift */ = {isa = PBXFileReference; lastKnownFileType = sourcecode.swift; path = AppDelegate.swift; sourceTree = "<group>"; };
		B933996F2366F8990016796A /* SceneDelegate.swift */ = {isa = PBXFileReference; lastKnownFileType = sourcecode.swift; path = SceneDelegate.swift; sourceTree = "<group>"; };
		B93399712366F8990016796A /* ViewController.swift */ = {isa = PBXFileReference; lastKnownFileType = sourcecode.swift; path = ViewController.swift; sourceTree = "<group>"; };
		B93399742366F8990016796A /* Base */ = {isa = PBXFileReference; lastKnownFileType = file.storyboard; name = Base; path = Base.lproj/Main.storyboard; sourceTree = "<group>"; };
		B93399762366F89A0016796A /* Assets.xcassets */ = {isa = PBXFileReference; lastKnownFileType = folder.assetcatalog; path = Assets.xcassets; sourceTree = "<group>"; };
		B93399792366F89A0016796A /* Base */ = {isa = PBXFileReference; lastKnownFileType = file.storyboard; name = Base; path = Base.lproj/LaunchScreen.storyboard; sourceTree = "<group>"; };
		B933997B2366F89A0016796A /* Info.plist */ = {isa = PBXFileReference; lastKnownFileType = text.plist.xml; path = Info.plist; sourceTree = "<group>"; };
		B93399802366F89A0016796A /* tech-taskUITests.xctest */ = {isa = PBXFileReference; explicitFileType = wrapper.cfbundle; includeInIndex = 0; path = "tech-taskUITests.xctest"; sourceTree = BUILT_PRODUCTS_DIR; };
		B93399842366F89A0016796A /* tech_taskUITests.swift */ = {isa = PBXFileReference; lastKnownFileType = sourcecode.swift; path = tech_taskUITests.swift; sourceTree = "<group>"; };
		B93399862366F89A0016796A /* Info.plist */ = {isa = PBXFileReference; lastKnownFileType = text.plist.xml; path = Info.plist; sourceTree = "<group>"; };
		B933998F2366FDB70016796A /* CustomCell.swift */ = {isa = PBXFileReference; lastKnownFileType = sourcecode.swift; path = CustomCell.swift; sourceTree = "<group>"; };
		B9339992236702F90016796A /* ArtistViewController.swift */ = {isa = PBXFileReference; lastKnownFileType = sourcecode.swift; path = ArtistViewController.swift; sourceTree = "<group>"; };
		B9339994236703010016796A /* LocationViewController.swift */ = {isa = PBXFileReference; lastKnownFileType = sourcecode.swift; path = LocationViewController.swift; sourceTree = "<group>"; };
		B9339996236703090016796A /* WaitingViewController.swift */ = {isa = PBXFileReference; lastKnownFileType = sourcecode.swift; path = WaitingViewController.swift; sourceTree = "<group>"; };
/* End PBXFileReference section */

/* Begin PBXFrameworksBuildPhase section */
		B93399672366F8990016796A /* Frameworks */ = {
			isa = PBXFrameworksBuildPhase;
			buildActionMask = 2147483647;
			files = (
			);
			runOnlyForDeploymentPostprocessing = 0;
		};
		B933997D2366F89A0016796A /* Frameworks */ = {
			isa = PBXFrameworksBuildPhase;
			buildActionMask = 2147483647;
			files = (
			);
			runOnlyForDeploymentPostprocessing = 0;
		};
/* End PBXFrameworksBuildPhase section */

/* Begin PBXGroup section */
		B93399612366F8990016796A = {
			isa = PBXGroup;
			children = (
				B933996C2366F8990016796A /* tech-task */,
				B93399832366F89A0016796A /* tech-taskUITests */,
				B933996B2366F8990016796A /* Products */,
			);
			sourceTree = "<group>";
		};
		B933996B2366F8990016796A /* Products */ = {
			isa = PBXGroup;
			children = (
				B933996A2366F8990016796A /* tech-task.app */,
				B93399802366F89A0016796A /* tech-taskUITests.xctest */,
			);
			name = Products;
			sourceTree = "<group>";
		};
		B933996C2366F8990016796A /* tech-task */ = {
			isa = PBXGroup;
			children = (
				B9339991236702E70016796A /* ViewControllers */,
				B933996D2366F8990016796A /* AppDelegate.swift */,
				B933996F2366F8990016796A /* SceneDelegate.swift */,
				B93399712366F8990016796A /* ViewController.swift */,
				B93399732366F8990016796A /* Main.storyboard */,
				B93399762366F89A0016796A /* Assets.xcassets */,
				B93399782366F89A0016796A /* LaunchScreen.storyboard */,
				B933997B2366F89A0016796A /* Info.plist */,
				B933998F2366FDB70016796A /* CustomCell.swift */,
			);
			path = "tech-task";
			sourceTree = "<group>";
		};
		B93399832366F89A0016796A /* tech-taskUITests */ = {
			isa = PBXGroup;
			children = (
				B93399842366F89A0016796A /* tech_taskUITests.swift */,
				B93399862366F89A0016796A /* Info.plist */,
				2B9BAEB42389A71E0040D0DD /* Springboard.swift */,
				2B9BAEB6238AD6480040D0DD /* UITestHelper.swift */,
				2B9BAEB8238AE3050040D0DD /* UITestConstants.swift */,
			);
			path = "tech-taskUITests";
			sourceTree = "<group>";
		};
		B9339991236702E70016796A /* ViewControllers */ = {
			isa = PBXGroup;
			children = (
				B9339992236702F90016796A /* ArtistViewController.swift */,
				B9339994236703010016796A /* LocationViewController.swift */,
				B9339996236703090016796A /* WaitingViewController.swift */,
			);
			path = ViewControllers;
			sourceTree = "<group>";
		};
/* End PBXGroup section */

/* Begin PBXNativeTarget section */
		B93399692366F8990016796A /* tech-task */ = {
			isa = PBXNativeTarget;
			buildConfigurationList = B93399892366F89A0016796A /* Build configuration list for PBXNativeTarget "tech-task" */;
			buildPhases = (
				B93399662366F8990016796A /* Sources */,
				B93399672366F8990016796A /* Frameworks */,
				B93399682366F8990016796A /* Resources */,
			);
			buildRules = (
			);
			dependencies = (
			);
			name = "tech-task";
			productName = "tech-task";
			productReference = B933996A2366F8990016796A /* tech-task.app */;
			productType = "com.apple.product-type.application";
		};
		B933997F2366F89A0016796A /* tech-taskUITests */ = {
			isa = PBXNativeTarget;
			buildConfigurationList = B933998C2366F89A0016796A /* Build configuration list for PBXNativeTarget "tech-taskUITests" */;
			buildPhases = (
				B933997C2366F89A0016796A /* Sources */,
				B933997D2366F89A0016796A /* Frameworks */,
				B933997E2366F89A0016796A /* Resources */,
			);
			buildRules = (
			);
			dependencies = (
				B93399822366F89A0016796A /* PBXTargetDependency */,
			);
			name = "tech-taskUITests";
			productName = "tech-taskUITests";
			productReference = B93399802366F89A0016796A /* tech-taskUITests.xctest */;
			productType = "com.apple.product-type.bundle.ui-testing";
		};
/* End PBXNativeTarget section */

/* Begin PBXProject section */
		B93399622366F8990016796A /* Project object */ = {
			isa = PBXProject;
			attributes = {
				LastSwiftUpdateCheck = 1100;
				LastUpgradeCheck = 1100;
				ORGANIZATIONNAME = "DICE FM";
				TargetAttributes = {
					B93399692366F8990016796A = {
						CreatedOnToolsVersion = 11.0;
					};
					B933997F2366F89A0016796A = {
						CreatedOnToolsVersion = 11.0;
						TestTargetID = B93399692366F8990016796A;
					};
				};
			};
			buildConfigurationList = B93399652366F8990016796A /* Build configuration list for PBXProject "tech-task" */;
			compatibilityVersion = "Xcode 9.3";
			developmentRegion = en;
			hasScannedForEncodings = 0;
			knownRegions = (
				en,
				Base,
			);
			mainGroup = B93399612366F8990016796A;
			productRefGroup = B933996B2366F8990016796A /* Products */;
			projectDirPath = "";
			projectRoot = "";
			targets = (
				B93399692366F8990016796A /* tech-task */,
				B933997F2366F89A0016796A /* tech-taskUITests */,
			);
		};
/* End PBXProject section */

/* Begin PBXResourcesBuildPhase section */
		B93399682366F8990016796A /* Resources */ = {
			isa = PBXResourcesBuildPhase;
			buildActionMask = 2147483647;
			files = (
				B933997A2366F89A0016796A /* LaunchScreen.storyboard in Resources */,
				B93399772366F89A0016796A /* Assets.xcassets in Resources */,
				B93399752366F8990016796A /* Main.storyboard in Resources */,
			);
			runOnlyForDeploymentPostprocessing = 0;
		};
		B933997E2366F89A0016796A /* Resources */ = {
			isa = PBXResourcesBuildPhase;
			buildActionMask = 2147483647;
			files = (
			);
			runOnlyForDeploymentPostprocessing = 0;
		};
/* End PBXResourcesBuildPhase section */

/* Begin PBXSourcesBuildPhase section */
		B93399662366F8990016796A /* Sources */ = {
			isa = PBXSourcesBuildPhase;
			buildActionMask = 2147483647;
			files = (
				B93399722366F8990016796A /* ViewController.swift in Sources */,
				B933996E2366F8990016796A /* AppDelegate.swift in Sources */,
				B93399902366FDB70016796A /* CustomCell.swift in Sources */,
				B9339997236703090016796A /* WaitingViewController.swift in Sources */,
				B9339995236703010016796A /* LocationViewController.swift in Sources */,
				B93399702366F8990016796A /* SceneDelegate.swift in Sources */,
				B9339993236702F90016796A /* ArtistViewController.swift in Sources */,
			);
			runOnlyForDeploymentPostprocessing = 0;
		};
		B933997C2366F89A0016796A /* Sources */ = {
			isa = PBXSourcesBuildPhase;
			buildActionMask = 2147483647;
			files = (
				2B9BAEB7238AD6480040D0DD /* UITestHelper.swift in Sources */,
				B93399852366F89A0016796A /* tech_taskUITests.swift in Sources */,
				2B9BAEB52389A71E0040D0DD /* Springboard.swift in Sources */,
				2B9BAEB9238AE3050040D0DD /* UITestConstants.swift in Sources */,
			);
			runOnlyForDeploymentPostprocessing = 0;
		};
/* End PBXSourcesBuildPhase section */

/* Begin PBXTargetDependency section */
		B93399822366F89A0016796A /* PBXTargetDependency */ = {
			isa = PBXTargetDependency;
			target = B93399692366F8990016796A /* tech-task */;
			targetProxy = B93399812366F89A0016796A /* PBXContainerItemProxy */;
		};
/* End PBXTargetDependency section */

/* Begin PBXVariantGroup section */
		B93399732366F8990016796A /* Main.storyboard */ = {
			isa = PBXVariantGroup;
			children = (
				B93399742366F8990016796A /* Base */,
			);
			name = Main.storyboard;
			sourceTree = "<group>";
		};
		B93399782366F89A0016796A /* LaunchScreen.storyboard */ = {
			isa = PBXVariantGroup;
			children = (
				B93399792366F89A0016796A /* Base */,
			);
			name = LaunchScreen.storyboard;
			sourceTree = "<group>";
		};
/* End PBXVariantGroup section */

/* Begin XCBuildConfiguration section */
		B93399872366F89A0016796A /* Debug */ = {
			isa = XCBuildConfiguration;
			buildSettings = {
				ALWAYS_SEARCH_USER_PATHS = NO;
				CLANG_ANALYZER_NONNULL = YES;
				CLANG_ANALYZER_NUMBER_OBJECT_CONVERSION = YES_AGGRESSIVE;
				CLANG_CXX_LANGUAGE_STANDARD = "gnu++14";
				CLANG_CXX_LIBRARY = "libc++";
				CLANG_ENABLE_MODULES = YES;
				CLANG_ENABLE_OBJC_ARC = YES;
				CLANG_ENABLE_OBJC_WEAK = YES;
				CLANG_WARN_BLOCK_CAPTURE_AUTORELEASING = YES;
				CLANG_WARN_BOOL_CONVERSION = YES;
				CLANG_WARN_COMMA = YES;
				CLANG_WARN_CONSTANT_CONVERSION = YES;
				CLANG_WARN_DEPRECATED_OBJC_IMPLEMENTATIONS = YES;
				CLANG_WARN_DIRECT_OBJC_ISA_USAGE = YES_ERROR;
				CLANG_WARN_DOCUMENTATION_COMMENTS = YES;
				CLANG_WARN_EMPTY_BODY = YES;
				CLANG_WARN_ENUM_CONVERSION = YES;
				CLANG_WARN_INFINITE_RECURSION = YES;
				CLANG_WARN_INT_CONVERSION = YES;
				CLANG_WARN_NON_LITERAL_NULL_CONVERSION = YES;
				CLANG_WARN_OBJC_IMPLICIT_RETAIN_SELF = YES;
				CLANG_WARN_OBJC_LITERAL_CONVERSION = YES;
				CLANG_WARN_OBJC_ROOT_CLASS = YES_ERROR;
				CLANG_WARN_RANGE_LOOP_ANALYSIS = YES;
				CLANG_WARN_STRICT_PROTOTYPES = YES;
				CLANG_WARN_SUSPICIOUS_MOVE = YES;
				CLANG_WARN_UNGUARDED_AVAILABILITY = YES_AGGRESSIVE;
				CLANG_WARN_UNREACHABLE_CODE = YES;
				CLANG_WARN__DUPLICATE_METHOD_MATCH = YES;
				COPY_PHASE_STRIP = NO;
				DEBUG_INFORMATION_FORMAT = dwarf;
				ENABLE_STRICT_OBJC_MSGSEND = YES;
				ENABLE_TESTABILITY = YES;
				GCC_C_LANGUAGE_STANDARD = gnu11;
				GCC_DYNAMIC_NO_PIC = NO;
				GCC_NO_COMMON_BLOCKS = YES;
				GCC_OPTIMIZATION_LEVEL = 0;
				GCC_PREPROCESSOR_DEFINITIONS = (
					"DEBUG=1",
					"$(inherited)",
				);
				GCC_WARN_64_TO_32_BIT_CONVERSION = YES;
				GCC_WARN_ABOUT_RETURN_TYPE = YES_ERROR;
				GCC_WARN_UNDECLARED_SELECTOR = YES;
				GCC_WARN_UNINITIALIZED_AUTOS = YES_AGGRESSIVE;
				GCC_WARN_UNUSED_FUNCTION = YES;
				GCC_WARN_UNUSED_VARIABLE = YES;
				IPHONEOS_DEPLOYMENT_TARGET = 13.0;
				MTL_ENABLE_DEBUG_INFO = INCLUDE_SOURCE;
				MTL_FAST_MATH = YES;
				ONLY_ACTIVE_ARCH = YES;
				SDKROOT = iphoneos;
				SWIFT_ACTIVE_COMPILATION_CONDITIONS = DEBUG;
				SWIFT_OPTIMIZATION_LEVEL = "-Onone";
			};
			name = Debug;
		};
		B93399882366F89A0016796A /* Release */ = {
			isa = XCBuildConfiguration;
			buildSettings = {
				ALWAYS_SEARCH_USER_PATHS = NO;
				CLANG_ANALYZER_NONNULL = YES;
				CLANG_ANALYZER_NUMBER_OBJECT_CONVERSION = YES_AGGRESSIVE;
				CLANG_CXX_LANGUAGE_STANDARD = "gnu++14";
				CLANG_CXX_LIBRARY = "libc++";
				CLANG_ENABLE_MODULES = YES;
				CLANG_ENABLE_OBJC_ARC = YES;
				CLANG_ENABLE_OBJC_WEAK = YES;
				CLANG_WARN_BLOCK_CAPTURE_AUTORELEASING = YES;
				CLANG_WARN_BOOL_CONVERSION = YES;
				CLANG_WARN_COMMA = YES;
				CLANG_WARN_CONSTANT_CONVERSION = YES;
				CLANG_WARN_DEPRECATED_OBJC_IMPLEMENTATIONS = YES;
				CLANG_WARN_DIRECT_OBJC_ISA_USAGE = YES_ERROR;
				CLANG_WARN_DOCUMENTATION_COMMENTS = YES;
				CLANG_WARN_EMPTY_BODY = YES;
				CLANG_WARN_ENUM_CONVERSION = YES;
				CLANG_WARN_INFINITE_RECURSION = YES;
				CLANG_WARN_INT_CONVERSION = YES;
				CLANG_WARN_NON_LITERAL_NULL_CONVERSION = YES;
				CLANG_WARN_OBJC_IMPLICIT_RETAIN_SELF = YES;
				CLANG_WARN_OBJC_LITERAL_CONVERSION = YES;
				CLANG_WARN_OBJC_ROOT_CLASS = YES_ERROR;
				CLANG_WARN_RANGE_LOOP_ANALYSIS = YES;
				CLANG_WARN_STRICT_PROTOTYPES = YES;
				CLANG_WARN_SUSPICIOUS_MOVE = YES;
				CLANG_WARN_UNGUARDED_AVAILABILITY = YES_AGGRESSIVE;
				CLANG_WARN_UNREACHABLE_CODE = YES;
				CLANG_WARN__DUPLICATE_METHOD_MATCH = YES;
				COPY_PHASE_STRIP = NO;
				DEBUG_INFORMATION_FORMAT = "dwarf-with-dsym";
				ENABLE_NS_ASSERTIONS = NO;
				ENABLE_STRICT_OBJC_MSGSEND = YES;
				GCC_C_LANGUAGE_STANDARD = gnu11;
				GCC_NO_COMMON_BLOCKS = YES;
				GCC_WARN_64_TO_32_BIT_CONVERSION = YES;
				GCC_WARN_ABOUT_RETURN_TYPE = YES_ERROR;
				GCC_WARN_UNDECLARED_SELECTOR = YES;
				GCC_WARN_UNINITIALIZED_AUTOS = YES_AGGRESSIVE;
				GCC_WARN_UNUSED_FUNCTION = YES;
				GCC_WARN_UNUSED_VARIABLE = YES;
				IPHONEOS_DEPLOYMENT_TARGET = 13.0;
				MTL_ENABLE_DEBUG_INFO = NO;
				MTL_FAST_MATH = YES;
				SDKROOT = iphoneos;
				SWIFT_COMPILATION_MODE = wholemodule;
				SWIFT_OPTIMIZATION_LEVEL = "-O";
				VALIDATE_PRODUCT = YES;
			};
			name = Release;
		};
		B933998A2366F89A0016796A /* Debug */ = {
			isa = XCBuildConfiguration;
			buildSettings = {
				ASSETCATALOG_COMPILER_APPICON_NAME = AppIcon;
				CODE_SIGN_STYLE = Automatic;
				INFOPLIST_FILE = "tech-task/Info.plist";
				LD_RUNPATH_SEARCH_PATHS = (
					"$(inherited)",
					"@executable_path/Frameworks",
				);
				PRODUCT_BUNDLE_IDENTIFIER = "dice.tech-task";
				PRODUCT_NAME = "$(TARGET_NAME)";
				SWIFT_VERSION = 5.0;
				TARGETED_DEVICE_FAMILY = "1,2";
			};
			name = Debug;
		};
		B933998B2366F89A0016796A /* Release */ = {
			isa = XCBuildConfiguration;
			buildSettings = {
				ASSETCATALOG_COMPILER_APPICON_NAME = AppIcon;
				CODE_SIGN_STYLE = Automatic;
				INFOPLIST_FILE = "tech-task/Info.plist";
				LD_RUNPATH_SEARCH_PATHS = (
					"$(inherited)",
					"@executable_path/Frameworks",
				);
				PRODUCT_BUNDLE_IDENTIFIER = "dice.tech-task";
				PRODUCT_NAME = "$(TARGET_NAME)";
				SWIFT_VERSION = 5.0;
				TARGETED_DEVICE_FAMILY = "1,2";
			};
			name = Release;
		};
		B933998D2366F89A0016796A /* Debug */ = {
			isa = XCBuildConfiguration;
			buildSettings = {
				ALWAYS_EMBED_SWIFT_STANDARD_LIBRARIES = YES;
				CODE_SIGN_STYLE = Automatic;
				INFOPLIST_FILE = "tech-taskUITests/Info.plist";
				LD_RUNPATH_SEARCH_PATHS = (
					"$(inherited)",
					"@executable_path/Frameworks",
					"@loader_path/Frameworks",
				);
				PRODUCT_BUNDLE_IDENTIFIER = "dice.tech-taskUITests";
				PRODUCT_NAME = "$(TARGET_NAME)";
				SWIFT_VERSION = 5.0;
				TARGETED_DEVICE_FAMILY = "1,2";
				TEST_TARGET_NAME = "tech-task";
			};
			name = Debug;
		};
		B933998E2366F89A0016796A /* Release */ = {
			isa = XCBuildConfiguration;
			buildSettings = {
				ALWAYS_EMBED_SWIFT_STANDARD_LIBRARIES = YES;
				CODE_SIGN_STYLE = Automatic;
				INFOPLIST_FILE = "tech-taskUITests/Info.plist";
				LD_RUNPATH_SEARCH_PATHS = (
					"$(inherited)",
					"@executable_path/Frameworks",
					"@loader_path/Frameworks",
				);
				PRODUCT_BUNDLE_IDENTIFIER = "dice.tech-taskUITests";
				PRODUCT_NAME = "$(TARGET_NAME)";
				SWIFT_VERSION = 5.0;
				TARGETED_DEVICE_FAMILY = "1,2";
				TEST_TARGET_NAME = "tech-task";
			};
			name = Release;
		};
/* End XCBuildConfiguration section */

/* Begin XCConfigurationList section */
		B93399652366F8990016796A /* Build configuration list for PBXProject "tech-task" */ = {
			isa = XCConfigurationList;
			buildConfigurations = (
				B93399872366F89A0016796A /* Debug */,
				B93399882366F89A0016796A /* Release */,
			);
			defaultConfigurationIsVisible = 0;
			defaultConfigurationName = Release;
		};
		B93399892366F89A0016796A /* Build configuration list for PBXNativeTarget "tech-task" */ = {
			isa = XCConfigurationList;
			buildConfigurations = (
				B933998A2366F89A0016796A /* Debug */,
				B933998B2366F89A0016796A /* Release */,
			);
			defaultConfigurationIsVisible = 0;
			defaultConfigurationName = Release;
		};
		B933998C2366F89A0016796A /* Build configuration list for PBXNativeTarget "tech-taskUITests" */ = {
			isa = XCConfigurationList;
			buildConfigurations = (
				B933998D2366F89A0016796A /* Debug */,
				B933998E2366F89A0016796A /* Release */,
			);
			defaultConfigurationIsVisible = 0;
			defaultConfigurationName = Release;
		};
/* End XCConfigurationList section */
	};
	rootObject = B93399622366F8990016796A /* Project object */;
}
